
Microsoft Visual Studio Solution File, Format Version 12.00
# Visual Studio Version 16
VisualStudioVersion = 16.0.31129.286
MinimumVisualStudioVersion = 10.0.40219.1
Project("{FAE04EC0-301F-11D3-BF4B-00C04F79EFBC}") = "ManeuverAutoThrottle", "ManeuverAutoThrottle\ManeuverAutoThrottle.csproj", "{9140C34B-7970-4747-AFB8-735D0B57898C}"
EndProject
Project("{2150E333-8FDC-42A3-9474-1A3956D46DE8}") = "Scripts", "Scripts", "{C5392E86-B659-4F34-A44B-7C0CE5BF08D5}"
	ProjectSection(SolutionItems) = preProject
		deploy.bat = deploy.bat
		dest.bat = dest.bat
	EndProjectSection
EndProject
Global
	GlobalSection(SolutionConfigurationPlatforms) = preSolution
		Debug|Any CPU = Debug|Any CPU
		Release|Any CPU = Release|Any CPU
	EndGlobalSection
	GlobalSection(ProjectConfigurationPlatforms) = postSolution
		{9140C34B-7970-4747-AFB8-735D0B57898C}.Debug|Any CPU.ActiveCfg = Debug|Any CPU
		{9140C34B-7970-4747-AFB8-735D0B57898C}.Debug|Any CPU.Build.0 = Debug|Any CPU
		{9140C34B-7970-4747-AFB8-735D0B57898C}.Release|Any CPU.ActiveCfg = Release|Any CPU
		{9140C34B-7970-4747-AFB8-735D0B57898C}.Release|Any CPU.Build.0 = Release|Any CPU
	EndGlobalSection
	GlobalSection(SolutionProperties) = preSolution
		HideSolutionNode = FALSE
	EndGlobalSection
	GlobalSection(ExtensibilityGlobals) = postSolution
		SolutionGuid = {03FF1CF4-E5CB-4305-B306-3B2E49FB641F}
	EndGlobalSection
EndGlobal
